
Microsoft Visual Studio Solution File, Format Version 12.00
# Visual Studio Version 17
VisualStudioVersion = 17.1.31911.260
MinimumVisualStudioVersion = 10.0.40219.1
Project("{FAE04EC0-301F-11D3-BF4B-00C04F79EFBC}") = "Tasahil(.net core 6)", "Tasahil(.net core 6)\Tasahil(.net core 6).csproj", "{8BFBE3CB-7483-420B-B38A-F2A0FDB79991}"
EndProject
Global
	GlobalSection(SolutionConfigurationPlatforms) = preSolution
		Debug|Any CPU = Debug|Any CPU
		Release|Any CPU = Release|Any CPU
	EndGlobalSection
	GlobalSection(ProjectConfigurationPlatforms) = postSolution
		{8BFBE3CB-7483-420B-B38A-F2A0FDB79991}.Debug|Any CPU.ActiveCfg = Debug|Any CPU
		{8BFBE3CB-7483-420B-B38A-F2A0FDB79991}.Debug|Any CPU.Build.0 = Debug|Any CPU
		{8BFBE3CB-7483-420B-B38A-F2A0FDB79991}.Release|Any CPU.ActiveCfg = Release|Any CPU
		{8BFBE3CB-7483-420B-B38A-F2A0FDB79991}.Release|Any CPU.Build.0 = Release|Any CPU
	EndGlobalSection
	GlobalSection(SolutionProperties) = preSolution
		HideSolutionNode = FALSE
	EndGlobalSection
	GlobalSection(ExtensibilityGlobals) = postSolution
		SolutionGuid = {3F82BDA5-C7E4-4E92-B39D-E279B5B8B733}
	EndGlobalSection
EndGlobal
